
Microsoft Visual Studio Solution File, Format Version 12.00
# Visual Studio Version 17
VisualStudioVersion = 17.12.35707.178
MinimumVisualStudioVersion = 10.0.40219.1
Project("{FAE04EC0-301F-11D3-BF4B-00C04F79EFBC}") = "CursoCSharp", "CursoCSharp\CursoCSharp.csproj", "{59F0FF81-5E9F-57CD-7D9D-05D84B75E030}"
EndProject
Project("{FAE04EC0-301F-11D3-BF4B-00C04F79EFBC}") = "Encapsulamento", "Encapsulamento\Encapsulamento.csproj", "{58788675-5F79-2029-4174-36C5B6ADCAD2}"
EndProject
Global
	GlobalSection(SolutionConfigurationPlatforms) = preSolution
		Debug|Any CPU = Debug|Any CPU
		Release|Any CPU = Release|Any CPU
	EndGlobalSection
	GlobalSection(ProjectConfigurationPlatforms) = postSolution
		{59F0FF81-5E9F-57CD-7D9D-05D84B75E030}.Debug|Any CPU.ActiveCfg = Debug|Any CPU
		{59F0FF81-5E9F-57CD-7D9D-05D84B75E030}.Debug|Any CPU.Build.0 = Debug|Any CPU
		{59F0FF81-5E9F-57CD-7D9D-05D84B75E030}.Release|Any CPU.ActiveCfg = Release|Any CPU
		{59F0FF81-5E9F-57CD-7D9D-05D84B75E030}.Release|Any CPU.Build.0 = Release|Any CPU
		{58788675-5F79-2029-4174-36C5B6ADCAD2}.Debug|Any CPU.ActiveCfg = Debug|Any CPU
		{58788675-5F79-2029-4174-36C5B6ADCAD2}.Debug|Any CPU.Build.0 = Debug|Any CPU
		{58788675-5F79-2029-4174-36C5B6ADCAD2}.Release|Any CPU.ActiveCfg = Release|Any CPU
		{58788675-5F79-2029-4174-36C5B6ADCAD2}.Release|Any CPU.Build.0 = Release|Any CPU
	EndGlobalSection
	GlobalSection(SolutionProperties) = preSolution
		HideSolutionNode = FALSE
	EndGlobalSection
	GlobalSection(ExtensibilityGlobals) = postSolution
		SolutionGuid = {5299F66F-98B1-4603-896D-C24B71E89D13}
	EndGlobalSection
EndGlobal
